
Microsoft Visual Studio Solution File, Format Version 12.00
# Visual Studio Version 16
VisualStudioVersion = 16.0.30330.147
MinimumVisualStudioVersion = 10.0.40219.1
Project("{FAE04EC0-301F-11D3-BF4B-00C04F79EFBC}") = "LuckyTicket", "LuckyTicket.csproj", "{319E8115-F862-48F9-BAD1-B40732DC88E3}"
EndProject
Global
	GlobalSection(SolutionConfigurationPlatforms) = preSolution
		Debug|Any CPU = Debug|Any CPU
		Release|Any CPU = Release|Any CPU
	EndGlobalSection
	GlobalSection(ProjectConfigurationPlatforms) = postSolution
		{319E8115-F862-48F9-BAD1-B40732DC88E3}.Debug|Any CPU.ActiveCfg = Debug|Any CPU
		{319E8115-F862-48F9-BAD1-B40732DC88E3}.Debug|Any CPU.Build.0 = Debug|Any CPU
		{319E8115-F862-48F9-BAD1-B40732DC88E3}.Release|Any CPU.ActiveCfg = Release|Any CPU
		{319E8115-F862-48F9-BAD1-B40732DC88E3}.Release|Any CPU.Build.0 = Release|Any CPU
	EndGlobalSection
	GlobalSection(SolutionProperties) = preSolution
		HideSolutionNode = FALSE
	EndGlobalSection
	GlobalSection(ExtensibilityGlobals) = postSolution
		SolutionGuid = {09643BDC-6AD4-4FDE-BD84-4F458FF904EA}
	EndGlobalSection
EndGlobal
